<Solution>
  <Folder Name="/src/">
    <Project Path="src/gEngine/gEngine.csproj" />
    <Project Path="src/gEngine.Editor/gEngine.Editor.csproj" />
  </Folder>
  <Folder Name="/samples/">
    <Project Path="samples/Sandbox/Sandbox.csproj" />
  </Folder>
  <Folder Name="/tests/">
    <Project Path="tests/gEngine.Tests/gEngine.Tests.csproj" />
  </Folder>
</Solution>
